
Microsoft Visual Studio Solution File, Format Version 12.00
# Visual Studio Version 16
VisualStudioVersion = 16.0.30523.141
MinimumVisualStudioVersion = 10.0.40219.1
Project("{FAE04EC0-301F-11D3-BF4B-00C04F79EFBC}") = "Open-Lab-10.00", "Open-Lab-10.00.csproj", "{1B1C7104-AF79-44E1-B615-CCCBF614F98E}"
EndProject
Global
	GlobalSection(SolutionConfigurationPlatforms) = preSolution
		Debug|Any CPU = Debug|Any CPU
		Release|Any CPU = Release|Any CPU
	EndGlobalSection
	GlobalSection(ProjectConfigurationPlatforms) = postSolution
		{1B1C7104-AF79-44E1-B615-CCCBF614F98E}.Debug|Any CPU.ActiveCfg = Debug|Any CPU
		{1B1C7104-AF79-44E1-B615-CCCBF614F98E}.Debug|Any CPU.Build.0 = Debug|Any CPU
		{1B1C7104-AF79-44E1-B615-CCCBF614F98E}.Release|Any CPU.ActiveCfg = Release|Any CPU
		{1B1C7104-AF79-44E1-B615-CCCBF614F98E}.Release|Any CPU.Build.0 = Release|Any CPU
	EndGlobalSection
	GlobalSection(SolutionProperties) = preSolution
		HideSolutionNode = FALSE
	EndGlobalSection
	GlobalSection(ExtensibilityGlobals) = postSolution
		SolutionGuid = {385038FE-7813-4DE6-BCE7-64D0443230D4}
	EndGlobalSection
EndGlobal
